// !$*UTF8*$!
{
	archiveVersion = 1;
	classes = {
	};
	objectVersion = 77;
	objects = {

/* Begin PBXBuildFile section */
		C61ACE092E9EA44400A4603A /* Assets.xcassets in Resources */ = {isa = PBXBuildFile; fileRef = C61ACE082E9EA44400A4603A /* Assets.xcassets */; };
		C61ACE1C2E9EA4E400A4603A /* UserService.swift in Sources */ = {isa = PBXBuildFile; fileRef = C61ACE172E9EA4E400A4603A /* UserService.swift */; };
		C61ACE1D2E9EA4E400A4603A /* ModularSwiftUIUsersApp.swift in Sources */ = {isa = PBXBuildFile; fileRef = C61ACE0F2E9EA4E400A4603A /* ModularSwiftUIUsersApp.swift */; };
		C61ACE1E2E9EA4E400A4603A /* NetworkClient.swift in Sources */ = {isa = PBXBuildFile; fileRef = C61ACE152E9EA4E400A4603A /* NetworkClient.swift */; };
		C61ACE1F2E9EA4E400A4603A /* UsersListView.swift in Sources */ = {isa = PBXBuildFile; fileRef = C61ACE1A2E9EA4E400A4603A /* UsersListView.swift */; };
		C61ACE202E9EA4E400A4603A /* User.swift in Sources */ = {isa = PBXBuildFile; fileRef = C61ACE132E9EA4E400A4603A /* User.swift */; };
		C61ACE212E9EA4E400A4603A /* AppContainer.swift in Sources */ = {isa = PBXBuildFile; fileRef = C61ACE112E9EA4E400A4603A /* AppContainer.swift */; };
		C61ACE222E9EA4E400A4603A /* UserDetailView.swift in Sources */ = {isa = PBXBuildFile; fileRef = C61ACE192E9EA4E400A4603A /* UserDetailView.swift */; };
		C61ACE4E2E9EDB9100A4603A /* UsersViewModel.swift in Sources */ = {isa = PBXBuildFile; fileRef = C61ACE4D2E9EDA5E00A4603A /* UsersViewModel.swift */; };
		C61ACE502E9EE5D500A4603A /* Readme.md in Resources */ = {isa = PBXBuildFile; fileRef = C61ACE4F2E9EE5CC00A4603A /* Readme.md */; };
		C61ACE522E9FE9E200A4603A /* NetworkClientProtocol.swift in Sources */ = {isa = PBXBuildFile; fileRef = C61ACE512E9FE9E000A4603A /* NetworkClientProtocol.swift */; };
/* End PBXBuildFile section */

/* Begin PBXContainerItemProxy section */
		C61ACE2B2E9EA95E00A4603A /* PBXContainerItemProxy */ = {
			isa = PBXContainerItemProxy;
			containerPortal = C61ACDF92E9EA44100A4603A /* Project object */;
			proxyType = 1;
			remoteGlobalIDString = C61ACE002E9EA44100A4603A;
			remoteInfo = ModularSwiftUIUsersApp;
		};
/* End PBXContainerItemProxy section */

/* Begin PBXFileReference section */
		C61ACE012E9EA44100A4603A /* ModularSwiftUIUsersApp.app */ = {isa = PBXFileReference; explicitFileType = wrapper.application; includeInIndex = 0; path = ModularSwiftUIUsersApp.app; sourceTree = BUILT_PRODUCTS_DIR; };
		C61ACE082E9EA44400A4603A /* Assets.xcassets */ = {isa = PBXFileReference; lastKnownFileType = folder.assetcatalog; path = Assets.xcassets; sourceTree = "<group>"; };
		C61ACE0F2E9EA4E400A4603A /* ModularSwiftUIUsersApp.swift */ = {isa = PBXFileReference; lastKnownFileType = sourcecode.swift; path = ModularSwiftUIUsersApp.swift; sourceTree = "<group>"; };
		C61ACE112E9EA4E400A4603A /* AppContainer.swift */ = {isa = PBXFileReference; lastKnownFileType = sourcecode.swift; path = AppContainer.swift; sourceTree = "<group>"; };
		C61ACE132E9EA4E400A4603A /* User.swift */ = {isa = PBXFileReference; lastKnownFileType = sourcecode.swift; path = User.swift; sourceTree = "<group>"; };
		C61ACE152E9EA4E400A4603A /* NetworkClient.swift */ = {isa = PBXFileReference; lastKnownFileType = sourcecode.swift; path = NetworkClient.swift; sourceTree = "<group>"; };
		C61ACE172E9EA4E400A4603A /* UserService.swift */ = {isa = PBXFileReference; lastKnownFileType = sourcecode.swift; path = UserService.swift; sourceTree = "<group>"; };
		C61ACE192E9EA4E400A4603A /* UserDetailView.swift */ = {isa = PBXFileReference; lastKnownFileType = sourcecode.swift; path = UserDetailView.swift; sourceTree = "<group>"; };
		C61ACE1A2E9EA4E400A4603A /* UsersListView.swift */ = {isa = PBXFileReference; lastKnownFileType = sourcecode.swift; path = UsersListView.swift; sourceTree = "<group>"; };
		C61ACE272E9EA95E00A4603A /* ModularSwiftUIUsersAppTests.xctest */ = {isa = PBXFileReference; explicitFileType = wrapper.cfbundle; includeInIndex = 0; path = ModularSwiftUIUsersAppTests.xctest; sourceTree = BUILT_PRODUCTS_DIR; };
		C61ACE4D2E9EDA5E00A4603A /* UsersViewModel.swift */ = {isa = PBXFileReference; lastKnownFileType = sourcecode.swift; path = UsersViewModel.swift; sourceTree = "<group>"; };
		C61ACE4F2E9EE5CC00A4603A /* Readme.md */ = {isa = PBXFileReference; lastKnownFileType = net.daringfireball.markdown; path = Readme.md; sourceTree = "<group>"; };
		C61ACE512E9FE9E000A4603A /* NetworkClientProtocol.swift */ = {isa = PBXFileReference; lastKnownFileType = sourcecode.swift; path = NetworkClientProtocol.swift; sourceTree = "<group>"; };
/* End PBXFileReference section */

/* Begin PBXFileSystemSynchronizedRootGroup section */
		C61ACE282E9EA95E00A4603A /* ModularSwiftUIUsersAppTests */ = {
			isa = PBXFileSystemSynchronizedRootGroup;
			path = ModularSwiftUIUsersAppTests;
			sourceTree = "<group>";
		};
/* End PBXFileSystemSynchronizedRootGroup section */

/* Begin PBXFrameworksBuildPhase section */
		C61ACDFE2E9EA44100A4603A /* Frameworks */ = {
			isa = PBXFrameworksBuildPhase;
			buildActionMask = 2147483647;
			files = (
			);
			runOnlyForDeploymentPostprocessing = 0;
		};
		C61ACE242E9EA95E00A4603A /* Frameworks */ = {
			isa = PBXFrameworksBuildPhase;
			buildActionMask = 2147483647;
			files = (
			);
			runOnlyForDeploymentPostprocessing = 0;
		};
/* End PBXFrameworksBuildPhase section */

/* Begin PBXGroup section */
		C61ACDF82E9EA44100A4603A = {
			isa = PBXGroup;
			children = (
				C61ACE4F2E9EE5CC00A4603A /* Readme.md */,
				C61ACE4C2E9EDA0700A4603A /* ViewModels */,
				C61ACE102E9EA4E400A4603A /* App */,
				C61ACE142E9EA4E400A4603A /* Models */,
				C61ACE162E9EA4E400A4603A /* Networking */,
				C61ACE182E9EA4E400A4603A /* Services */,
				C61ACE1B2E9EA4E400A4603A /* Views */,
				C61ACE282E9EA95E00A4603A /* ModularSwiftUIUsersAppTests */,
				C61ACE022E9EA44100A4603A /* Products */,
			);
			sourceTree = "<group>";
		};
		C61ACE022E9EA44100A4603A /* Products */ = {
			isa = PBXGroup;
			children = (
				C61ACE012E9EA44100A4603A /* ModularSwiftUIUsersApp.app */,
				C61ACE272E9EA95E00A4603A /* ModularSwiftUIUsersAppTests.xctest */,
			);
			name = Products;
			sourceTree = "<group>";
		};
		C61ACE102E9EA4E400A4603A /* App */ = {
			isa = PBXGroup;
			children = (
				C61ACE122E9EA4E400A4603A /* DI */,
				C61ACE082E9EA44400A4603A /* Assets.xcassets */,
				C61ACE0F2E9EA4E400A4603A /* ModularSwiftUIUsersApp.swift */,
			);
			path = App;
			sourceTree = "<group>";
		};
		C61ACE122E9EA4E400A4603A /* DI */ = {
			isa = PBXGroup;
			children = (
				C61ACE112E9EA4E400A4603A /* AppContainer.swift */,
			);
			path = DI;
			sourceTree = "<group>";
		};
		C61ACE142E9EA4E400A4603A /* Models */ = {
			isa = PBXGroup;
			children = (
				C61ACE132E9EA4E400A4603A /* User.swift */,
			);
			path = Models;
			sourceTree = "<group>";
		};
		C61ACE162E9EA4E400A4603A /* Networking */ = {
			isa = PBXGroup;
			children = (
				C61ACE512E9FE9E000A4603A /* NetworkClientProtocol.swift */,
				C61ACE152E9EA4E400A4603A /* NetworkClient.swift */,
			);
			path = Networking;
			sourceTree = "<group>";
		};
		C61ACE182E9EA4E400A4603A /* Services */ = {
			isa = PBXGroup;
			children = (
				C61ACE172E9EA4E400A4603A /* UserService.swift */,
			);
			path = Services;
			sourceTree = "<group>";
		};
		C61ACE1B2E9EA4E400A4603A /* Views */ = {
			isa = PBXGroup;
			children = (
				C61ACE192E9EA4E400A4603A /* UserDetailView.swift */,
				C61ACE1A2E9EA4E400A4603A /* UsersListView.swift */,
			);
			path = Views;
			sourceTree = "<group>";
		};
		C61ACE4C2E9EDA0700A4603A /* ViewModels */ = {
			isa = PBXGroup;
			children = (
				C61ACE4D2E9EDA5E00A4603A /* UsersViewModel.swift */,
			);
			path = ViewModels;
			sourceTree = "<group>";
		};
/* End PBXGroup section */

/* Begin PBXNativeTarget section */
		C61ACE002E9EA44100A4603A /* ModularSwiftUIUsersApp */ = {
			isa = PBXNativeTarget;
			buildConfigurationList = C61ACE0C2E9EA44400A4603A /* Build configuration list for PBXNativeTarget "ModularSwiftUIUsersApp" */;
			buildPhases = (
				C61ACDFD2E9EA44100A4603A /* Sources */,
				C61ACDFE2E9EA44100A4603A /* Frameworks */,
				C61ACDFF2E9EA44100A4603A /* Resources */,
			);
			buildRules = (
			);
			dependencies = (
			);
			name = ModularSwiftUIUsersApp;
			packageProductDependencies = (
			);
			productName = ModularSwiftUIUsersApp;
			productReference = C61ACE012E9EA44100A4603A /* ModularSwiftUIUsersApp.app */;
			productType = "com.apple.product-type.application";
		};
		C61ACE262E9EA95E00A4603A /* ModularSwiftUIUsersAppTests */ = {
			isa = PBXNativeTarget;
			buildConfigurationList = C61ACE2D2E9EA95E00A4603A /* Build configuration list for PBXNativeTarget "ModularSwiftUIUsersAppTests" */;
			buildPhases = (
				C61ACE232E9EA95E00A4603A /* Sources */,
				C61ACE242E9EA95E00A4603A /* Frameworks */,
				C61ACE252E9EA95E00A4603A /* Resources */,
			);
			buildRules = (
			);
			dependencies = (
				C61ACE2C2E9EA95E00A4603A /* PBXTargetDependency */,
			);
			fileSystemSynchronizedGroups = (
				C61ACE282E9EA95E00A4603A /* ModularSwiftUIUsersAppTests */,
			);
			name = ModularSwiftUIUsersAppTests;
			packageProductDependencies = (
			);
			productName = ModularSwiftUIUsersAppTests;
			productReference = C61ACE272E9EA95E00A4603A /* ModularSwiftUIUsersAppTests.xctest */;
			productType = "com.apple.product-type.bundle.unit-test";
		};
/* End PBXNativeTarget section */

/* Begin PBXProject section */
		C61ACDF92E9EA44100A4603A /* Project object */ = {
			isa = PBXProject;
			attributes = {
				BuildIndependentTargetsInParallel = 1;
				LastSwiftUpdateCheck = 1640;
				LastUpgradeCheck = 1640;
				TargetAttributes = {
					C61ACE002E9EA44100A4603A = {
						CreatedOnToolsVersion = 16.4;
					};
					C61ACE262E9EA95E00A4603A = {
						CreatedOnToolsVersion = 16.4;
						LastSwiftMigration = 1640;
						TestTargetID = C61ACE002E9EA44100A4603A;
					};
				};
			};
			buildConfigurationList = C61ACDFC2E9EA44100A4603A /* Build configuration list for PBXProject "ModularSwiftUIUsersApp" */;
			developmentRegion = en;
			hasScannedForEncodings = 0;
			knownRegions = (
				en,
				Base,
			);
			mainGroup = C61ACDF82E9EA44100A4603A;
			minimizedProjectReferenceProxies = 1;
			preferredProjectObjectVersion = 77;
			productRefGroup = C61ACE022E9EA44100A4603A /* Products */;
			projectDirPath = "";
			projectRoot = "";
			targets = (
				C61ACE002E9EA44100A4603A /* ModularSwiftUIUsersApp */,
				C61ACE262E9EA95E00A4603A /* ModularSwiftUIUsersAppTests */,
			);
		};
/* End PBXProject section */

/* Begin PBXResourcesBuildPhase section */
		C61ACDFF2E9EA44100A4603A /* Resources */ = {
			isa = PBXResourcesBuildPhase;
			buildActionMask = 2147483647;
			files = (
				C61ACE092E9EA44400A4603A /* Assets.xcassets in Resources */,
			);
			runOnlyForDeploymentPostprocessing = 0;
		};
		C61ACE252E9EA95E00A4603A /* Resources */ = {
			isa = PBXResourcesBuildPhase;
			buildActionMask = 2147483647;
			files = (
				C61ACE502E9EE5D500A4603A /* Readme.md in Resources */,
			);
			runOnlyForDeploymentPostprocessing = 0;
		};
/* End PBXResourcesBuildPhase section */

/* Begin PBXSourcesBuildPhase section */
		C61ACDFD2E9EA44100A4603A /* Sources */ = {
			isa = PBXSourcesBuildPhase;
			buildActionMask = 2147483647;
			files = (
				C61ACE1C2E9EA4E400A4603A /* UserService.swift in Sources */,
				C61ACE1D2E9EA4E400A4603A /* ModularSwiftUIUsersApp.swift in Sources */,
				C61ACE1E2E9EA4E400A4603A /* NetworkClient.swift in Sources */,
				C61ACE1F2E9EA4E400A4603A /* UsersListView.swift in Sources */,
				C61ACE202E9EA4E400A4603A /* User.swift in Sources */,
				C61ACE4E2E9EDB9100A4603A /* UsersViewModel.swift in Sources */,
				C61ACE212E9EA4E400A4603A /* AppContainer.swift in Sources */,
				C61ACE222E9EA4E400A4603A /* UserDetailView.swift in Sources */,
				C61ACE522E9FE9E200A4603A /* NetworkClientProtocol.swift in Sources */,
			);
			runOnlyForDeploymentPostprocessing = 0;
		};
		C61ACE232E9EA95E00A4603A /* Sources */ = {
			isa = PBXSourcesBuildPhase;
			buildActionMask = 2147483647;
			files = (
			);
			runOnlyForDeploymentPostprocessing = 0;
		};
/* End PBXSourcesBuildPhase section */

/* Begin PBXTargetDependency section */
		C61ACE2C2E9EA95E00A4603A /* PBXTargetDependency */ = {
			isa = PBXTargetDependency;
			target = C61ACE002E9EA44100A4603A /* ModularSwiftUIUsersApp */;
			targetProxy = C61ACE2B2E9EA95E00A4603A /* PBXContainerItemProxy */;
		};
/* End PBXTargetDependency section */

/* Begin XCBuildConfiguration section */
		C61ACE0A2E9EA44400A4603A /* Debug */ = {
			isa = XCBuildConfiguration;
			buildSettings = {
				ALWAYS_SEARCH_USER_PATHS = NO;
				ASSETCATALOG_COMPILER_GENERATE_SWIFT_ASSET_SYMBOL_EXTENSIONS = YES;
				CLANG_ANALYZER_NONNULL = YES;
				CLANG_ANALYZER_NUMBER_OBJECT_CONVERSION = YES_AGGRESSIVE;
				CLANG_CXX_LANGUAGE_STANDARD = "gnu++20";
				CLANG_ENABLE_MODULES = YES;
				CLANG_ENABLE_OBJC_ARC = YES;
				CLANG_ENABLE_OBJC_WEAK = YES;
				CLANG_WARN_BLOCK_CAPTURE_AUTORELEASING = YES;
				CLANG_WARN_BOOL_CONVERSION = YES;
				CLANG_WARN_COMMA = YES;
				CLANG_WARN_CONSTANT_CONVERSION = YES;
				CLANG_WARN_DEPRECATED_OBJC_IMPLEMENTATIONS = YES;
				CLANG_WARN_DIRECT_OBJC_ISA_USAGE = YES_ERROR;
				CLANG_WARN_DOCUMENTATION_COMMENTS = YES;
				CLANG_WARN_EMPTY_BODY = YES;
				CLANG_WARN_ENUM_CONVERSION = YES;
				CLANG_WARN_INFINITE_RECURSION = YES;
				CLANG_WARN_INT_CONVERSION = YES;
				CLANG_WARN_NON_LITERAL_NULL_CONVERSION = YES;
				CLANG_WARN_OBJC_IMPLICIT_RETAIN_SELF = YES;
				CLANG_WARN_OBJC_LITERAL_CONVERSION = YES;
				CLANG_WARN_OBJC_ROOT_CLASS = YES_ERROR;
				CLANG_WARN_QUOTED_INCLUDE_IN_FRAMEWORK_HEADER = YES;
				CLANG_WARN_RANGE_LOOP_ANALYSIS = YES;
				CLANG_WARN_STRICT_PROTOTYPES = YES;
				CLANG_WARN_SUSPICIOUS_MOVE = YES;
				CLANG_WARN_UNGUARDED_AVAILABILITY = YES_AGGRESSIVE;
				CLANG_WARN_UNREACHABLE_CODE = YES;
				CLANG_WARN__DUPLICATE_METHOD_MATCH = YES;
				COPY_PHASE_STRIP = NO;
				DEBUG_INFORMATION_FORMAT = dwarf;
				ENABLE_STRICT_OBJC_MSGSEND = YES;
				ENABLE_TESTABILITY = YES;
				ENABLE_USER_SCRIPT_SANDBOXING = YES;
				GCC_C_LANGUAGE_STANDARD = gnu17;
				GCC_DYNAMIC_NO_PIC = NO;
				GCC_NO_COMMON_BLOCKS = YES;
				GCC_OPTIMIZATION_LEVEL = 0;
				GCC_PREPROCESSOR_DEFINITIONS = (
					"DEBUG=1",
					"$(inherited)",
				);
				GCC_WARN_64_TO_32_BIT_CONVERSION = YES;
				GCC_WARN_ABOUT_RETURN_TYPE = YES_ERROR;
				GCC_WARN_UNDECLARED_SELECTOR = YES;
				GCC_WARN_UNINITIALIZED_AUTOS = YES_AGGRESSIVE;
				GCC_WARN_UNUSED_FUNCTION = YES;
				GCC_WARN_UNUSED_VARIABLE = YES;
				IPHONEOS_DEPLOYMENT_TARGET = 18.5;
				LOCALIZATION_PREFERS_STRING_CATALOGS = YES;
				MTL_ENABLE_DEBUG_INFO = INCLUDE_SOURCE;
				MTL_FAST_MATH = YES;
				ONLY_ACTIVE_ARCH = YES;
				SDKROOT = iphoneos;
				SWIFT_ACTIVE_COMPILATION_CONDITIONS = "DEBUG $(inherited)";
				SWIFT_OPTIMIZATION_LEVEL = "-Onone";
			};
			name = Debug;
		};
		C61ACE0B2E9EA44400A4603A /* Release */ = {
			isa = XCBuildConfiguration;
			buildSettings = {
				ALWAYS_SEARCH_USER_PATHS = NO;
				ASSETCATALOG_COMPILER_GENERATE_SWIFT_ASSET_SYMBOL_EXTENSIONS = YES;
				CLANG_ANALYZER_NONNULL = YES;
				CLANG_ANALYZER_NUMBER_OBJECT_CONVERSION = YES_AGGRESSIVE;
				CLANG_CXX_LANGUAGE_STANDARD = "gnu++20";
				CLANG_ENABLE_MODULES = YES;
				CLANG_ENABLE_OBJC_ARC = YES;
				CLANG_ENABLE_OBJC_WEAK = YES;
				CLANG_WARN_BLOCK_CAPTURE_AUTORELEASING = YES;
				CLANG_WARN_BOOL_CONVERSION = YES;
				CLANG_WARN_COMMA = YES;
				CLANG_WARN_CONSTANT_CONVERSION = YES;
				CLANG_WARN_DEPRECATED_OBJC_IMPLEMENTATIONS = YES;
				CLANG_WARN_DIRECT_OBJC_ISA_USAGE = YES_ERROR;
				CLANG_WARN_DOCUMENTATION_COMMENTS = YES;
				CLANG_WARN_EMPTY_BODY = YES;
				CLANG_WARN_ENUM_CONVERSION = YES;
				CLANG_WARN_INFINITE_RECURSION = YES;
				CLANG_WARN_INT_CONVERSION = YES;
				CLANG_WARN_NON_LITERAL_NULL_CONVERSION = YES;
				CLANG_WARN_OBJC_IMPLICIT_RETAIN_SELF = YES;
				CLANG_WARN_OBJC_LITERAL_CONVERSION = YES;
				CLANG_WARN_OBJC_ROOT_CLASS = YES_ERROR;
				CLANG_WARN_QUOTED_INCLUDE_IN_FRAMEWORK_HEADER = YES;
				CLANG_WARN_RANGE_LOOP_ANALYSIS = YES;
				CLANG_WARN_STRICT_PROTOTYPES = YES;
				CLANG_WARN_SUSPICIOUS_MOVE = YES;
				CLANG_WARN_UNGUARDED_AVAILABILITY = YES_AGGRESSIVE;
				CLANG_WARN_UNREACHABLE_CODE = YES;
				CLANG_WARN__DUPLICATE_METHOD_MATCH = YES;
				COPY_PHASE_STRIP = NO;
				DEBUG_INFORMATION_FORMAT = "dwarf-with-dsym";
				ENABLE_NS_ASSERTIONS = NO;
				ENABLE_STRICT_OBJC_MSGSEND = YES;
				ENABLE_USER_SCRIPT_SANDBOXING = YES;
				GCC_C_LANGUAGE_STANDARD = gnu17;
				GCC_NO_COMMON_BLOCKS = YES;
				GCC_WARN_64_TO_32_BIT_CONVERSION = YES;
				GCC_WARN_ABOUT_RETURN_TYPE = YES_ERROR;
				GCC_WARN_UNDECLARED_SELECTOR = YES;
				GCC_WARN_UNINITIALIZED_AUTOS = YES_AGGRESSIVE;
				GCC_WARN_UNUSED_FUNCTION = YES;
				GCC_WARN_UNUSED_VARIABLE = YES;
				IPHONEOS_DEPLOYMENT_TARGET = 18.5;
				LOCALIZATION_PREFERS_STRING_CATALOGS = YES;
				MTL_ENABLE_DEBUG_INFO = NO;
				MTL_FAST_MATH = YES;
				SDKROOT = iphoneos;
				SWIFT_COMPILATION_MODE = wholemodule;
				VALIDATE_PRODUCT = YES;
			};
			name = Release;
		};
		C61ACE0D2E9EA44400A4603A /* Debug */ = {
			isa = XCBuildConfiguration;
			buildSettings = {
				ASSETCATALOG_COMPILER_APPICON_NAME = AppIcon;
				ASSETCATALOG_COMPILER_GLOBAL_ACCENT_COLOR_NAME = AccentColor;
				CODE_SIGN_STYLE = Automatic;
				CURRENT_PROJECT_VERSION = 1;
				ENABLE_PREVIEWS = YES;
				GENERATE_INFOPLIST_FILE = YES;
				INFOPLIST_KEY_UIApplicationSceneManifest_Generation = YES;
				INFOPLIST_KEY_UIApplicationSupportsIndirectInputEvents = YES;
				INFOPLIST_KEY_UILaunchScreen_Generation = YES;
				INFOPLIST_KEY_UISupportedInterfaceOrientations_iPad = "UIInterfaceOrientationPortrait UIInterfaceOrientationPortraitUpsideDown UIInterfaceOrientationLandscapeLeft UIInterfaceOrientationLandscapeRight";
				INFOPLIST_KEY_UISupportedInterfaceOrientations_iPhone = "UIInterfaceOrientationPortrait UIInterfaceOrientationLandscapeLeft UIInterfaceOrientationLandscapeRight";
				LD_RUNPATH_SEARCH_PATHS = (
					"$(inherited)",
					"@executable_path/Frameworks",
				);
				MARKETING_VERSION = 1.0;
				PRODUCT_BUNDLE_IDENTIFIER = test.ModularSwiftUIUsersApp;
				PRODUCT_NAME = "$(TARGET_NAME)";
				SWIFT_EMIT_LOC_STRINGS = YES;
				SWIFT_VERSION = 5.0;
				TARGETED_DEVICE_FAMILY = "1,2";
			};
			name = Debug;
		};
		C61ACE0E2E9EA44400A4603A /* Release */ = {
			isa = XCBuildConfiguration;
			buildSettings = {
				ASSETCATALOG_COMPILER_APPICON_NAME = AppIcon;
				ASSETCATALOG_COMPILER_GLOBAL_ACCENT_COLOR_NAME = AccentColor;
				CODE_SIGN_STYLE = Automatic;
				CURRENT_PROJECT_VERSION = 1;
				ENABLE_PREVIEWS = YES;
				GENERATE_INFOPLIST_FILE = YES;
				INFOPLIST_KEY_UIApplicationSceneManifest_Generation = YES;
				INFOPLIST_KEY_UIApplicationSupportsIndirectInputEvents = YES;
				INFOPLIST_KEY_UILaunchScreen_Generation = YES;
				INFOPLIST_KEY_UISupportedInterfaceOrientations_iPad = "UIInterfaceOrientationPortrait UIInterfaceOrientationPortraitUpsideDown UIInterfaceOrientationLandscapeLeft UIInterfaceOrientationLandscapeRight";
				INFOPLIST_KEY_UISupportedInterfaceOrientations_iPhone = "UIInterfaceOrientationPortrait UIInterfaceOrientationLandscapeLeft UIInterfaceOrientationLandscapeRight";
				LD_RUNPATH_SEARCH_PATHS = (
					"$(inherited)",
					"@executable_path/Frameworks",
				);
				MARKETING_VERSION = 1.0;
				PRODUCT_BUNDLE_IDENTIFIER = test.ModularSwiftUIUsersApp;
				PRODUCT_NAME = "$(TARGET_NAME)";
				SWIFT_EMIT_LOC_STRINGS = YES;
				SWIFT_VERSION = 5.0;
				TARGETED_DEVICE_FAMILY = "1,2";
			};
			name = Release;
		};
		C61ACE2E2E9EA95E00A4603A /* Debug */ = {
			isa = XCBuildConfiguration;
			buildSettings = {
				BUNDLE_LOADER = "$(TEST_HOST)";
				CLANG_ENABLE_MODULES = YES;
				CODE_SIGN_STYLE = Automatic;
				CURRENT_PROJECT_VERSION = 1;
				GENERATE_INFOPLIST_FILE = YES;
				MARKETING_VERSION = 1.0;
				PRODUCT_BUNDLE_IDENTIFIER = test.ModularSwiftUIUsersAppTests;
				PRODUCT_NAME = "$(TARGET_NAME)";
				SWIFT_EMIT_LOC_STRINGS = NO;
				SWIFT_OPTIMIZATION_LEVEL = "-Onone";
				SWIFT_VERSION = 5.0;
				TARGETED_DEVICE_FAMILY = "1,2";
				TEST_HOST = "$(BUILT_PRODUCTS_DIR)/ModularSwiftUIUsersApp.app/$(BUNDLE_EXECUTABLE_FOLDER_PATH)/ModularSwiftUIUsersApp";
			};
			name = Debug;
		};
		C61ACE2F2E9EA95E00A4603A /* Release */ = {
			isa = XCBuildConfiguration;
			buildSettings = {
				BUNDLE_LOADER = "$(TEST_HOST)";
				CLANG_ENABLE_MODULES = YES;
				CODE_SIGN_STYLE = Automatic;
				CURRENT_PROJECT_VERSION = 1;
				GENERATE_INFOPLIST_FILE = YES;
				MARKETING_VERSION = 1.0;
				PRODUCT_BUNDLE_IDENTIFIER = test.ModularSwiftUIUsersAppTests;
				PRODUCT_NAME = "$(TARGET_NAME)";
				SWIFT_EMIT_LOC_STRINGS = NO;
				SWIFT_VERSION = 5.0;
				TARGETED_DEVICE_FAMILY = "1,2";
				TEST_HOST = "$(BUILT_PRODUCTS_DIR)/ModularSwiftUIUsersApp.app/$(BUNDLE_EXECUTABLE_FOLDER_PATH)/ModularSwiftUIUsersApp";
			};
			name = Release;
		};
/* End XCBuildConfiguration section */

/* Begin XCConfigurationList section */
		C61ACDFC2E9EA44100A4603A /* Build configuration list for PBXProject "ModularSwiftUIUsersApp" */ = {
			isa = XCConfigurationList;
			buildConfigurations = (
				C61ACE0A2E9EA44400A4603A /* Debug */,
				C61ACE0B2E9EA44400A4603A /* Release */,
			);
			defaultConfigurationIsVisible = 0;
			defaultConfigurationName = Release;
		};
		C61ACE0C2E9EA44400A4603A /* Build configuration list for PBXNativeTarget "ModularSwiftUIUsersApp" */ = {
			isa = XCConfigurationList;
			buildConfigurations = (
				C61ACE0D2E9EA44400A4603A /* Debug */,
				C61ACE0E2E9EA44400A4603A /* Release */,
			);
			defaultConfigurationIsVisible = 0;
			defaultConfigurationName = Release;
		};
		C61ACE2D2E9EA95E00A4603A /* Build configuration list for PBXNativeTarget "ModularSwiftUIUsersAppTests" */ = {
			isa = XCConfigurationList;
			buildConfigurations = (
				C61ACE2E2E9EA95E00A4603A /* Debug */,
				C61ACE2F2E9EA95E00A4603A /* Release */,
			);
			defaultConfigurationIsVisible = 0;
			defaultConfigurationName = Release;
		};
/* End XCConfigurationList section */
	};
	rootObject = C61ACDF92E9EA44100A4603A /* Project object */;
}
